payload:
- DOMAIN-SUFFIX,n55ylc001.vip
- DOMAIN-SUFFIX,ig67.vip
- DOMAIN-SUFFIX,n55cpw.vip
- DOMAIN-SUFFIX,ig66.vip
- DOMAIN-SUFFIX,ig65.vip
- DOMAIN-SUFFIX,dr.mlcuzee.cn
- DOMAIN-SUFFIX,sx.fakjkwp.cn
- DOMAIN-SUFFIX,cengqinglin.cn
- DOMAIN-SUFFIX,mg.xhkvff.cn
- DOMAIN-SUFFIX,telecome.cn
- DOMAIN-SUFFIX,pm.poqwua.cn
- DOMAIN-SUFFIX,aizhantj.com
- DOMAIN-SUFFIX,xxsmtz4.com
- DOMAIN-SUFFIX,xxsmtz8.com
- DOMAIN-SUFFIX,hfisngksng.com
- DOMAIN-SUFFIX,xjwhtz10.com
- DOMAIN-SUFFIX,666hh999gg.com
- DOMAIN-SUFFIX,xn--mts60is5y5uk.com
- DOMAIN-SUFFIX,xxsmtz5.com
- DOMAIN-SUFFIX,qxwoiv.com
- DOMAIN-SUFFIX,lh1dki82.com
- DOMAIN-SUFFIX,a.tyncar.com
- DOMAIN-SUFFIX,xj-oss.com
- DOMAIN-SUFFIX,krbulhb.com
- DOMAIN-SUFFIX,xxsmtz2.com
- DOMAIN-SUFFIX,fpoyvjgdm.com
- DOMAIN-SUFFIX,mernrza.com
- DOMAIN-SUFFIX,xxsmtz1.com
- DOMAIN-SUFFIX,xjwhtz6.com
- DOMAIN-SUFFIX,1iuh5l.com
- DOMAIN-SUFFIX,shouldercommandmentlimitless.com
- DOMAIN-SUFFIX,dwyeuy.com
- DOMAIN-SUFFIX,sikncs.com
- DOMAIN-SUFFIX,kmqianneng66.com
- DOMAIN-SUFFIX,ef9i0f3oev47.com
- DOMAIN-SUFFIX,renrenkanpian.com
- DOMAIN-SUFFIX,xpjcg.oss-accelerate.aliyuncs.com
- DOMAIN-SUFFIX,ziweuu.com
- DOMAIN-SUFFIX,kqzyfj.com
- DOMAIN-SUFFIX,ue8im.com
- DOMAIN-SUFFIX,xjwhtz9.com
- DOMAIN-SUFFIX,qxaz2xcw.com
- DOMAIN-SUFFIX,yinyouapp.com
- DOMAIN-SUFFIX,xxsmtz7.com
- DOMAIN-SUFFIX,wildwist.com
- DOMAIN-SUFFIX,ymdxl.com
- DOMAIN-SUFFIX,xxsmtz10.com
- DOMAIN-SUFFIX,d.6xw.com
- DOMAIN-SUFFIX,n0611.com
- DOMAIN-SUFFIX,u40pdqw.com
- DOMAIN-SUFFIX,xjwhtz2.com
- DOMAIN-SUFFIX,xjwhtz3.com
- DOMAIN-SUFFIX,dkweuy.com
- DOMAIN-SUFFIX,xjwhtz8.com
- DOMAIN-SUFFIX,xxsmtz9.com
- DOMAIN-SUFFIX,img.175532.com
- DOMAIN-SUFFIX,xxsmtz3.com
- DOMAIN-SUFFIX,xjwhtz7.com
- DOMAIN-SUFFIX,afqgqg4e.com
- DOMAIN-SUFFIX,dadatuwz.com
- DOMAIN-SUFFIX,xjwhtz4.com
- DOMAIN-SUFFIX,xxsmtz6.com
- DOMAIN-SUFFIX,img.911787.com
- DOMAIN-SUFFIX,ad.zui.com
- DOMAIN-SUFFIX,1200555.com
- DOMAIN-SUFFIX,xjwhtz5.com
- DOMAIN-SUFFIX,theweeklydonut.org
- DOMAIN-SUFFIX,dfqzah.xyz
- DOMAIN-SUFFIX,kai5741.xyz
- DOMAIN-SUFFIX,lafacw.xyz
- DOMAIN-SUFFIX,666579.xyz
- DOMAIN-SUFFIX,002777.xyz
- DOMAIN-SUFFIX,776.jstatic.xyz
- DOMAIN-SUFFIX,ra1.xyz
- DOMAIN-SUFFIX,aafns.xyz
- DOMAIN-SUFFIX,ydxdg.xyz
- DOMAIN-SUFFIX,mm.wxc.cc
- DOMAIN-SUFFIX,tu5551976196.cc
- DOMAIN-SUFFIX,dhkqqe.top
- DOMAIN-SUFFIX,wl.uqwjdhgv.top
- DOMAIN-SUFFIX,cos1999.top
- DOMAIN-SUFFIX,ouiokaq.top
- DOMAIN-SUFFIX,fq67.top
- DOMAIN-SUFFIX,dpjzr.top
- DOMAIN-SUFFIX,sm-cloud.yunsafe.top
- DOMAIN-SUFFIX,files.xtpag.top
- DOMAIN-SUFFIX,st-fly.b-cdn.net
- DOMAIN-SUFFIX,b10.justacdn.net
- DOMAIN-SUFFIX,wkzw.me
- DOMAIN-SUFFIX,itadapi.ithome.com.tw
- DOMAIN-SUFFIX,adbot.tw
- DOMAIN-SUFFIX,xn--2ss830adjbqy7h.xn--fiqs8s
- DOMAIN-SUFFIX,98765.pw
- DOMAIN-SUFFIX,kiwibrowser.org
- DOMAIN,img-c.heytapimage.com
- DOMAIN,adsbdfs.heytapimage.com
- DOMAIN,adsfs.heytapimage.com
- DOMAIN-KEYWORD,porn
- DOMAIN-KEYWORD,js96110
- DOMAIN-SUFFIX,googletagmanager.com
